{
  "R": {
    "Version": "4.2.3",
    "Repositories": [
      {
        "Name": "CRAN",
        "URL": "https://cran.rstudio.com"
      }
    ]
  },
  "Packages": {
    "Rcpp": {
      "Package": "Rcpp",
      "Version": "1.1.0",
      "Source": "Repository",
      "Title": "Seamless R and C++ Integration",
      "Date": "2025-07-01",
      "Authors@R": "c(person(\"Dirk\", \"Eddelbuettel\", role = c(\"aut\", \"cre\"), email = \"edd@debian.org\", comment = c(ORCID = \"0000-0001-6419-907X\")), person(\"Romain\", \"Francois\", role = \"aut\", comment = c(ORCID = \"0000-0002-2444-4226\")), person(\"JJ\", \"Allaire\", role = \"aut\", comment = c(ORCID = \"0000-0003-0174-9868\")), person(\"Kevin\", \"Ushey\", role = \"aut\", comment = c(ORCID = \"0000-0003-2880-7407\")), person(\"Qiang\", \"Kou\", role = \"aut\", comment = c(ORCID = \"0000-0001-6786-5453\")), person(\"Nathan\", \"Russell\", role = \"aut\"), person(\"Iñaki\", \"Ucar\", role = \"aut\", comment = c(ORCID = \"0000-0001-6403-5550\")), person(\"Doug\", \"Bates\", role = \"aut\", comment = c(ORCID = \"0000-0001-8316-9503\")), person(\"John\", \"Chambers\", role = \"aut\"))",
      "Description": "The 'Rcpp' package provides R functions as well as C++ classes which offer a seamless integration of R and C++. Many R data types and objects can be mapped back and forth to C++ equivalents which facilitates both writing of new code as well as easier integration of third-party libraries. Documentation about 'Rcpp' is provided by several vignettes included in this package, via the 'Rcpp Gallery' site at <https://gallery.rcpp.org>, the paper by Eddelbuettel and Francois (2011, <doi:10.18637/jss.v040.i08>), the book by Eddelbuettel (2013, <doi:10.1007/978-1-4614-6868-4>) and the paper by Eddelbuettel and Balamuta (2018, <doi:10.1080/00031305.2017.1375990>); see 'citation(\"Rcpp\")' for details.",
      "Imports": [
        "methods",
        "utils"
      ],
      "Suggests": [
        "tinytest",
        "inline",
        "rbenchmark",
        "pkgKitten (>= 0.1.2)"
      ],
      "URL": "https://www.rcpp.org, https://dirk.eddelbuettel.com/code/rcpp.html, https://github.com/RcppCore/Rcpp",
      "License": "GPL (>= 2)",
      "BugReports": "https://github.com/RcppCore/Rcpp/issues",
      "MailingList": "rcpp-devel@lists.r-forge.r-project.org",
      "RoxygenNote": "6.1.1",
      "Encoding": "UTF-8",
      "NeedsCompilation": "yes",
      "Author": "Dirk Eddelbuettel [aut, cre] (ORCID: <https://orcid.org/0000-0001-6419-907X>), Romain Francois [aut] (ORCID: <https://orcid.org/0000-0002-2444-4226>), JJ Allaire [aut] (ORCID: <https://orcid.org/0000-0003-0174-9868>), Kevin Ushey [aut] (ORCID: <https://orcid.org/0000-0003-2880-7407>), Qiang Kou [aut] (ORCID: <https://orcid.org/0000-0001-6786-5453>), Nathan Russell [aut], Iñaki Ucar [aut] (ORCID: <https://orcid.org/0000-0001-6403-5550>), Doug Bates [aut] (ORCID: <https://orcid.org/0000-0001-8316-9503>), John Chambers [aut]",
      "Maintainer": "Dirk Eddelbuettel <edd@debian.org>",
      "Repository": "CRAN"
    },
    "RcppParallel": {
      "Package": "RcppParallel",
      "Version": "5.1.11-1",
      "Source": "Repository",
      "Type": "Package",
      "Title": "Parallel Programming Tools for 'Rcpp'",
      "Authors@R": "c( person(\"JJ\", \"Allaire\", role = c(\"aut\"), email = \"jj@rstudio.com\"), person(\"Romain\", \"Francois\", role = c(\"aut\", \"cph\")), person(\"Kevin\", \"Ushey\", role = c(\"aut\", \"cre\"), email = \"kevin@rstudio.com\"), person(\"Gregory\", \"Vandenbrouck\", role = \"aut\"), person(\"Marcus\", \"Geelnard\", role = c(\"aut\", \"cph\"), comment = \"TinyThread library, https://tinythreadpp.bitsnbites.eu/\"), person(\"Hamada S.\", \"Badr\", email = \"badr@jhu.edu\", role = c(\"ctb\"), comment = c(ORCID = \"0000-0002-9808-2344\")), person(family = \"Posit, PBC\", role = \"cph\"), person(family = \"Intel\", role = c(\"aut\", \"cph\"), comment = \"Intel TBB library, https://www.threadingbuildingblocks.org/\"), person(family = \"Microsoft\", role = \"cph\") )",
      "Description": "High level functions for parallel programming with 'Rcpp'. For example, the 'parallelFor()' function can be used to convert the work of a standard serial \"for\" loop into a parallel one and the 'parallelReduce()' function can be used for accumulating aggregate or other values.",
      "Depends": [
        "R (>= 3.0.2)"
      ],
      "Suggests": [
        "Rcpp",
        "RUnit",
        "knitr",
        "rmarkdown"
      ],
      "SystemRequirements": "GNU make, Intel TBB, Windows: cmd.exe and cscript.exe, Solaris: g++ is required",
      "License": "GPL (>= 3)",
      "URL": "https://rcppcore.github.io/RcppParallel/, https://github.com/RcppCore/RcppParallel",
      "BugReports": "https://github.com/RcppCore/RcppParallel/issues",
      "Biarch": "TRUE",
      "RoxygenNote": "7.1.1",
      "Encoding": "UTF-8",
      "NeedsCompilation": "yes",
      "Author": "JJ Allaire [aut], Romain Francois [aut, cph], Kevin Ushey [aut, cre], Gregory Vandenbrouck [aut], Marcus Geelnard [aut, cph] (TinyThread library, https://tinythreadpp.bitsnbites.eu/), Hamada S. Badr [ctb] (ORCID: <https://orcid.org/0000-0002-9808-2344>), Posit, PBC [cph], Intel [aut, cph] (Intel TBB library, https://www.threadingbuildingblocks.org/), Microsoft [cph]",
      "Maintainer": "Kevin Ushey <kevin@rstudio.com>",
      "Repository": "CRAN"
    },
    "RcppProgress": {
      "Package": "RcppProgress",
      "Version": "0.4.2",
      "Source": "Repository",
      "Maintainer": "Karl Forner <karl.forner@gmail.com>",
      "License": "GPL (>= 3)",
      "Title": "An Interruptible Progress Bar with OpenMP Support for C++ in R Packages",
      "Type": "Package",
      "LazyLoad": "yes",
      "Author": "Karl Forner <karl.forner@gmail.com>",
      "Description": "Allows to display a progress bar in the R console for long running computations taking place in c++ code, and support for interrupting those computations even in multithreaded code, typically using OpenMP.",
      "URL": "https://github.com/kforner/rcpp_progress",
      "BugReports": "https://github.com/kforner/rcpp_progress/issues",
      "Date": "2020-02-06",
      "Suggests": [
        "RcppArmadillo",
        "devtools",
        "roxygen2",
        "testthat"
      ],
      "RoxygenNote": "6.1.1",
      "Encoding": "UTF-8",
      "NeedsCompilation": "no",
      "Repository": "CRAN"
    },
    "RcppThread": {
      "Package": "RcppThread",
      "Version": "2.2.0",
      "Source": "Repository",
      "Title": "R-Friendly Threading in C++",
      "Authors@R": "c( person(\"Thomas\", \"Nagler\",, \"mail@tnagler.com\", role = c(\"aut\", \"cre\"), comment = c(ORCID = \"0000-0003-1855-0046\")) )",
      "Description": "Provides a C++11-style thread class and thread pool that can safely be interrupted from R. See Nagler (2021) <doi:10.18637/jss.v097.c01>.",
      "Depends": [
        "R (>= 3.3.0)"
      ],
      "License": "MIT + file LICENSE",
      "Encoding": "UTF-8",
      "URL": "https://github.com/tnagler/RcppThread",
      "BugReports": "https://github.com/tnagler/RcppThread/issues",
      "RoxygenNote": "7.3.2.9000",
      "Suggests": [
        "testthat",
        "R.rsp",
        "Rcpp"
      ],
      "VignetteBuilder": "R.rsp",
      "NeedsCompilation": "yes",
      "Author": "Thomas Nagler [aut, cre] (<https://orcid.org/0000-0003-1855-0046>)",
      "Maintainer": "Thomas Nagler <mail@tnagler.com>",
      "Repository": "CRAN"
    },
    "backports": {
      "Package": "backports",
      "Version": "1.5.0",
      "Source": "Repository",
      "Type": "Package",
      "Title": "Reimplementations of Functions Introduced Since R-3.0.0",
      "Authors@R": "c( person(\"Michel\", \"Lang\", NULL, \"michellang@gmail.com\", role = c(\"cre\", \"aut\"), comment = c(ORCID = \"0000-0001-9754-0393\")), person(\"Duncan\", \"Murdoch\", NULL, \"murdoch.duncan@gmail.com\", role = c(\"aut\")), person(\"R Core Team\", role = \"aut\"))",
      "Maintainer": "Michel Lang <michellang@gmail.com>",
      "Description": "Functions introduced or changed since R v3.0.0 are re-implemented in this package. The backports are conditionally exported in order to let R resolve the function name to either the implemented backport, or the respective base version, if available. Package developers can make use of new functions or arguments by selectively importing specific backports to support older installations.",
      "URL": "https://github.com/r-lib/backports",
      "BugReports": "https://github.com/r-lib/backports/issues",
      "License": "GPL-2 | GPL-3",
      "NeedsCompilation": "yes",
      "ByteCompile": "yes",
      "Depends": [
        "R (>= 3.0.0)"
      ],
      "Encoding": "UTF-8",
      "RoxygenNote": "7.3.1",
      "Author": "Michel Lang [cre, aut] (<https://orcid.org/0000-0001-9754-0393>), Duncan Murdoch [aut], R Core Team [aut]",
      "Repository": "CRAN"
    },
    "checkmate": {
      "Package": "checkmate",
      "Version": "2.3.3",
      "Source": "Repository",
      "Type": "Package",
      "Title": "Fast and Versatile Argument Checks",
      "Description": "Tests and assertions to perform frequent argument checks. A substantial part of the package was written in C to minimize any worries about execution time overhead.",
      "Authors@R": "c( person(\"Michel\", \"Lang\", NULL, \"michellang@gmail.com\", role = c(\"cre\", \"aut\"), comment = c(ORCID = \"0000-0001-9754-0393\")), person(\"Bernd\", \"Bischl\", NULL, \"bernd_bischl@gmx.net\", role = \"ctb\"), person(\"Dénes\", \"Tóth\", NULL, \"toth.denes@kogentum.hu\", role = \"ctb\", comment = c(ORCID = \"0000-0003-4262-3217\")) )",
      "URL": "https://mllg.github.io/checkmate/, https://github.com/mllg/checkmate",
      "URLNote": "https://github.com/mllg/checkmate",
      "BugReports": "https://github.com/mllg/checkmate/issues",
      "NeedsCompilation": "yes",
      "ByteCompile": "yes",
      "Encoding": "UTF-8",
      "Depends": [
        "R (>= 3.0.0)"
      ],
      "Imports": [
        "backports (>= 1.1.0)",
        "utils"
      ],
      "Suggests": [
        "R6",
        "fastmatch",
        "data.table (>= 1.9.8)",
        "devtools",
        "ggplot2",
        "knitr",
        "magrittr",
        "microbenchmark",
        "rmarkdown",
        "testthat (>= 3.0.4)",
        "tinytest (>= 1.1.0)",
        "tibble"
      ],
      "License": "BSD_3_clause + file LICENSE",
      "VignetteBuilder": "knitr",
      "RoxygenNote": "7.3.2",
      "Collate": "'AssertCollection.R' 'allMissing.R' 'anyInfinite.R' 'anyMissing.R' 'anyNaN.R' 'asInteger.R' 'assert.R' 'helper.R' 'makeExpectation.R' 'makeTest.R' 'makeAssertion.R' 'checkAccess.R' 'checkArray.R' 'checkAtomic.R' 'checkAtomicVector.R' 'checkCharacter.R' 'checkChoice.R' 'checkClass.R' 'checkComplex.R' 'checkCount.R' 'checkDataFrame.R' 'checkDataTable.R' 'checkDate.R' 'checkDirectoryExists.R' 'checkDisjunct.R' 'checkDouble.R' 'checkEnvironment.R' 'checkFALSE.R' 'checkFactor.R' 'checkFileExists.R' 'checkFlag.R' 'checkFormula.R' 'checkFunction.R' 'checkInt.R' 'checkInteger.R' 'checkIntegerish.R' 'checkList.R' 'checkLogical.R' 'checkMatrix.R' 'checkMultiClass.R' 'checkNamed.R' 'checkNames.R' 'checkNull.R' 'checkNumber.R' 'checkNumeric.R' 'checkOS.R' 'checkPOSIXct.R' 'checkPathForOutput.R' 'checkPermutation.R' 'checkR6.R' 'checkRaw.R' 'checkScalar.R' 'checkScalarNA.R' 'checkSetEqual.R' 'checkString.R' 'checkSubset.R' 'checkTRUE.R' 'checkTibble.R' 'checkVector.R' 'coalesce.R' 'isIntegerish.R' 'matchArg.R' 'qassert.R' 'qassertr.R' 'vname.R' 'wfwl.R' 'zzz.R'",
      "Author": "Michel Lang [cre, aut] (ORCID: <https://orcid.org/0000-0001-9754-0393>), Bernd Bischl [ctb], Dénes Tóth [ctb] (ORCID: <https://orcid.org/0000-0003-4262-3217>)",
      "Maintainer": "Michel Lang <michellang@gmail.com>",
      "Repository": "CRAN"
    },
    "renv": {
      "Package": "renv",
      "Version": "1.1.5",
      "Source": "Repository",
      "Type": "Package",
      "Title": "Project Environments",
      "Authors@R": "c( person(\"Kevin\", \"Ushey\", role = c(\"aut\", \"cre\"), email = \"kevin@rstudio.com\", comment = c(ORCID = \"0000-0003-2880-7407\")), person(\"Hadley\", \"Wickham\", role = c(\"aut\"), email = \"hadley@rstudio.com\", comment = c(ORCID = \"0000-0003-4757-117X\")), person(\"Posit Software, PBC\", role = c(\"cph\", \"fnd\")) )",
      "Description": "A dependency management toolkit for R. Using 'renv', you can create and manage project-local R libraries, save the state of these libraries to a 'lockfile', and later restore your library as required. Together, these tools can help make your projects more isolated, portable, and reproducible.",
      "License": "MIT + file LICENSE",
      "URL": "https://rstudio.github.io/renv/, https://github.com/rstudio/renv",
      "BugReports": "https://github.com/rstudio/renv/issues",
      "Imports": [
        "utils"
      ],
      "Suggests": [
        "BiocManager",
        "cli",
        "compiler",
        "covr",
        "cpp11",
        "devtools",
        "generics",
        "gitcreds",
        "jsonlite",
        "jsonvalidate",
        "knitr",
        "miniUI",
        "modules",
        "packrat",
        "pak",
        "R6",
        "remotes",
        "reticulate",
        "rmarkdown",
        "rstudioapi",
        "shiny",
        "testthat",
        "uuid",
        "waldo",
        "yaml",
        "webfakes"
      ],
      "Encoding": "UTF-8",
      "RoxygenNote": "7.3.2",
      "VignetteBuilder": "knitr",
      "Config/Needs/website": "tidyverse/tidytemplate",
      "Config/testthat/edition": "3",
      "Config/testthat/parallel": "true",
      "Config/testthat/start-first": "bioconductor,python,install,restore,snapshot,retrieve,remotes",
      "NeedsCompilation": "no",
      "Author": "Kevin Ushey [aut, cre] (ORCID: <https://orcid.org/0000-0003-2880-7407>), Hadley Wickham [aut] (ORCID: <https://orcid.org/0000-0003-4757-117X>), Posit Software, PBC [cph, fnd]",
      "Maintainer": "Kevin Ushey <kevin@rstudio.com>",
      "Repository": "CRAN"
    }
  }
}
